{
	"name": "shared",
	"version": "1.0.0",
	"lockfileVersion": 3,
	"requires": true,
	"packages": {
		"": {
			"name": "shared",
			"version": "1.0.0",
			"license": "ISC",
			"dependencies": {
				"@fastify/type-provider-typebox": "^6.1.0",
				"@sinclair/typebox": "^0.34.48"
			}
		},
		"node_modules/@fastify/type-provider-typebox": {
			"version": "6.1.0",
			"resolved": "https://registry.npmjs.org/@fastify/type-provider-typebox/-/type-provider-typebox-6.1.0.tgz",
			"integrity": "sha512-k29cOitDRcZhMXVjtRq0+caKxdWoArz7su+dQWGzGWnFG+fSKhevgiZ7nexHWuXOEEQzgJlh6cptIMu69beaTA==",
			"funding": [
				{
					"type": "github",
					"url": "https://github.com/sponsors/fastify"
				},
				{
					"type": "opencollective",
					"url": "https://opencollective.com/fastify"
				}
			],
			"peerDependencies": {
				"typebox": "^1.0.13"
			}
		},
		"node_modules/@sinclair/typebox": {
			"version": "0.34.48",
			"resolved": "https://registry.npmjs.org/@sinclair/typebox/-/typebox-0.34.48.tgz",
			"integrity": "sha512-kKJTNuK3AQOrgjjotVxMrCn1sUJwM76wMszfq1kdU4uYVJjvEWuFQ6HgvLt4Xz3fSmZlTOxJ/Ie13KnIcWQXFA=="
		},
		"node_modules/typebox": {
			"version": "1.0.81",
			"resolved": "https://registry.npmjs.org/typebox/-/typebox-1.0.81.tgz",
			"integrity": "sha512-bCslZUmZESHhBn4kHDghzH2oo3qu8m2W89xDLxQHv/aPvY4i81Nd1jvijlBp9wSpsVytDSfSoosbiBAjgsNb2Q==",
			"peer": true
		}
	}
}
